
Microsoft Visual Studio Solution File, Format Version 12.00
# Visual Studio 14
VisualStudioVersion = 14.0.25123.0
MinimumVisualStudioVersion = 10.0.40219.1
Project("{FAE04EC0-301F-11D3-BF4B-00C04F79EFBC}") = "BloodCore.App", "BloodCore.App\BloodCore.App.csproj", "{7692315D-0A0F-47EF-94CD-4BEAA4D17A39}"
EndProject
Project("{FAE04EC0-301F-11D3-BF4B-00C04F79EFBC}") = "BloodCore.App.Tests", "BloodCore.App.Tests\BloodCore.App.Tests.csproj", "{84C3194E-11FC-4F8C-B758-535962128FD2}"
EndProject
Project("{FAE04EC0-301F-11D3-BF4B-00C04F79EFBC}") = "BloodCore.Persistence", "BloodCore.Persistence\BloodCore.Persistence.csproj", "{96D66D5E-85FD-48B1-9B57-C0C6363D4147}"
EndProject
Project("{2150E333-8FDC-42A3-9474-1A3956D46DE8}") = ".git", ".git", "{06234E0E-45EC-4F26-9764-1388756AF717}"
	ProjectSection(SolutionItems) = preProject
		.gitattributes = .gitattributes
		.gitignore = .gitignore
	EndProjectSection
EndProject
Global
	GlobalSection(SolutionConfigurationPlatforms) = preSolution
		Debug|Any CPU = Debug|Any CPU
		Release|Any CPU = Release|Any CPU
	EndGlobalSection
	GlobalSection(ProjectConfigurationPlatforms) = postSolution
		{7692315D-0A0F-47EF-94CD-4BEAA4D17A39}.Debug|Any CPU.ActiveCfg = Debug|Any CPU
		{7692315D-0A0F-47EF-94CD-4BEAA4D17A39}.Debug|Any CPU.Build.0 = Debug|Any CPU
		{7692315D-0A0F-47EF-94CD-4BEAA4D17A39}.Release|Any CPU.ActiveCfg = Release|Any CPU
		{7692315D-0A0F-47EF-94CD-4BEAA4D17A39}.Release|Any CPU.Build.0 = Release|Any CPU
		{84C3194E-11FC-4F8C-B758-535962128FD2}.Debug|Any CPU.ActiveCfg = Debug|Any CPU
		{84C3194E-11FC-4F8C-B758-535962128FD2}.Debug|Any CPU.Build.0 = Debug|Any CPU
		{84C3194E-11FC-4F8C-B758-535962128FD2}.Release|Any CPU.ActiveCfg = Release|Any CPU
		{84C3194E-11FC-4F8C-B758-535962128FD2}.Release|Any CPU.Build.0 = Release|Any CPU
		{96D66D5E-85FD-48B1-9B57-C0C6363D4147}.Debug|Any CPU.ActiveCfg = Debug|Any CPU
		{96D66D5E-85FD-48B1-9B57-C0C6363D4147}.Debug|Any CPU.Build.0 = Debug|Any CPU
		{96D66D5E-85FD-48B1-9B57-C0C6363D4147}.Release|Any CPU.ActiveCfg = Release|Any CPU
		{96D66D5E-85FD-48B1-9B57-C0C6363D4147}.Release|Any CPU.Build.0 = Release|Any CPU
	EndGlobalSection
	GlobalSection(SolutionProperties) = preSolution
		HideSolutionNode = FALSE
	EndGlobalSection
EndGlobal
