
Microsoft Visual Studio Solution File, Format Version 12.00
# Visual Studio 14
VisualStudioVersion = 14.0.25123.0
MinimumVisualStudioVersion = 10.0.40219.1
Project("{FAE04EC0-301F-11D3-BF4B-00C04F79EFBC}") = "DropCore.App", "DropCore.App\DropCore.App.csproj", "{7692315D-0A0F-47EF-94CD-4BEAA4D17A39}"
EndProject
Project("{FAE04EC0-301F-11D3-BF4B-00C04F79EFBC}") = "DropCore.App.Tests", "DropCore.App.Tests\DropCore.App.Tests.csproj", "{84C3194E-11FC-4F8C-B758-535962128FD2}"
EndProject
Project("{FAE04EC0-301F-11D3-BF4B-00C04F79EFBC}") = "DropCore.Persistence", "DropCore.Persistence\DropCore.Persistence.csproj", "{96D66D5E-85FD-48B1-9B57-C0C6363D4147}"
EndProject
Project("{2150E333-8FDC-42A3-9474-1A3956D46DE8}") = ".git", ".git", "{06234E0E-45EC-4F26-9764-1388756AF717}"
	ProjectSection(SolutionItems) = preProject
		.gitattributes = .gitattributes
		.gitignore = .gitignore
	EndProjectSection
EndProject
Project("{2150E333-8FDC-42A3-9474-1A3956D46DE8}") = ".docs", ".docs", "{CA7A838A-C654-4D25-9023-71FEDD5171D0}"
	ProjectSection(SolutionItems) = preProject
		AUTHORS.md = AUTHORS.md
		LICENSE.md = LICENSE.md
		MODULES.md = MODULES.md
		README.md = README.md
		TECHNOLOGY.md = TECHNOLOGY.md
	EndProjectSection
EndProject
Project("{2150E333-8FDC-42A3-9474-1A3956D46DE8}") = "Persistence", "Persistence", "{ED75AD72-474A-4402-AF4E-5B4270B084ED}"
EndProject
Project("{FAE04EC0-301F-11D3-BF4B-00C04F79EFBC}") = "DropCore.Persistence.Tests", "DropCore.Persistence.Tests\DropCore.Persistence.Tests.csproj", "{168E8C00-8A73-47BA-8E07-2067A99CE833}"
EndProject
Project("{2150E333-8FDC-42A3-9474-1A3956D46DE8}") = "User", "User", "{93F7C75E-E4A5-4614-A85A-F7B4CDA70ABE}"
EndProject
Project("{FAE04EC0-301F-11D3-BF4B-00C04F79EFBC}") = "DropCore.Module.User", "DropCore.Module.User\DropCore.Module.User.csproj", "{3A6039DE-8562-4115-ACD2-89384BD36E37}"
EndProject
Project("{FAE04EC0-301F-11D3-BF4B-00C04F79EFBC}") = "DropCore.Module.User.Shared", "DropCore.Module.User.Shared\DropCore.Module.User.Shared.csproj", "{B81E014D-3E56-4242-9A6C-7A6AD2327EED}"
EndProject
Project("{2150E333-8FDC-42A3-9474-1A3956D46DE8}") = "Module", "Module", "{FB1BEC7E-901E-4482-9D70-3FB0944185A9}"
EndProject
Project("{FAE04EC0-301F-11D3-BF4B-00C04F79EFBC}") = "DropCore.Module", "DropCore.Module\DropCore.Module.csproj", "{B7634A00-9C80-44D1-B66F-4B628446C654}"
EndProject
Project("{FAE04EC0-301F-11D3-BF4B-00C04F79EFBC}") = "DropCore.Module.User.Schema", "DropCore.Module.User.Schema\DropCore.Module.User.Schema.csproj", "{F954E4AF-C239-4461-ABF9-4CDC7309C6D6}"
EndProject
Project("{FAE04EC0-301F-11D3-BF4B-00C04F79EFBC}") = "DropCore.Module.Tests", "DropCore.Module.Tests\DropCore.Module.Tests.csproj", "{AF3C09C5-4ABA-477C-9987-D4C05EB7F202}"
EndProject
Project("{FAE04EC0-301F-11D3-BF4B-00C04F79EFBC}") = "DropCore.Module.User.Tests", "DropCore.Module.User.Tests\DropCore.Module.User.Tests.csproj", "{3A36C0D0-CDD3-4E15-8FD9-87481057F23D}"
EndProject
Project("{2150E333-8FDC-42A3-9474-1A3956D46DE8}") = "Testing", "Testing", "{28D7F9EC-69E4-4A72-89DB-687497B57C64}"
EndProject
Project("{FAE04EC0-301F-11D3-BF4B-00C04F79EFBC}") = "DropCore.Testing", "DropCore.Testing\DropCore.Testing.csproj", "{5A46EE7D-CFC9-4F55-B1DE-002AFA1575B9}"
EndProject
Project("{2150E333-8FDC-42A3-9474-1A3956D46DE8}") = ".config", ".config", "{5E78C19D-9BBD-407D-8F72-3A4C1816B63A}"
	ProjectSection(SolutionItems) = preProject
		.config\TestApp.config = .config\TestApp.config
		.config\WebApp.config = .config\WebApp.config
	EndProjectSection
EndProject
Project("{2150E333-8FDC-42A3-9474-1A3956D46DE8}") = ".tools", ".tools", "{2833DE39-E1DF-4F98-A3F2-999371D6737D}"
	ProjectSection(SolutionItems) = preProject
		.tools\migrate-dev.bat = .tools\migrate-dev.bat
		.tools\migrate-test.bat = .tools\migrate-test.bat
	EndProjectSection
EndProject
Project("{2150E333-8FDC-42A3-9474-1A3956D46DE8}") = "migration", "migration", "{C3B5BE67-96A1-488B-AD26-ACD5CF7138E3}"
	ProjectSection(SolutionItems) = preProject
		.tools\migration\configuration-development.bat = .tools\migration\configuration-development.bat
		.tools\migration\configuration-development.bat.ex = .tools\migration\configuration-development.bat.ex
		.tools\migration\configuration-test.bat = .tools\migration\configuration-test.bat
		.tools\migration\configuration-test.bat.ex = .tools\migration\configuration-test.bat.ex
		.tools\migration\migrate-module.bat = .tools\migration\migrate-module.bat
		.tools\migration\migrate.bat = .tools\migration\migrate.bat
	EndProjectSection
EndProject
Global
	GlobalSection(SolutionConfigurationPlatforms) = preSolution
		Debug|Any CPU = Debug|Any CPU
		Release|Any CPU = Release|Any CPU
	EndGlobalSection
	GlobalSection(ProjectConfigurationPlatforms) = postSolution
		{7692315D-0A0F-47EF-94CD-4BEAA4D17A39}.Debug|Any CPU.ActiveCfg = Debug|Any CPU
		{7692315D-0A0F-47EF-94CD-4BEAA4D17A39}.Debug|Any CPU.Build.0 = Debug|Any CPU
		{7692315D-0A0F-47EF-94CD-4BEAA4D17A39}.Release|Any CPU.ActiveCfg = Release|Any CPU
		{7692315D-0A0F-47EF-94CD-4BEAA4D17A39}.Release|Any CPU.Build.0 = Release|Any CPU
		{84C3194E-11FC-4F8C-B758-535962128FD2}.Debug|Any CPU.ActiveCfg = Debug|Any CPU
		{84C3194E-11FC-4F8C-B758-535962128FD2}.Debug|Any CPU.Build.0 = Debug|Any CPU
		{84C3194E-11FC-4F8C-B758-535962128FD2}.Release|Any CPU.ActiveCfg = Release|Any CPU
		{84C3194E-11FC-4F8C-B758-535962128FD2}.Release|Any CPU.Build.0 = Release|Any CPU
		{96D66D5E-85FD-48B1-9B57-C0C6363D4147}.Debug|Any CPU.ActiveCfg = Debug|Any CPU
		{96D66D5E-85FD-48B1-9B57-C0C6363D4147}.Debug|Any CPU.Build.0 = Debug|Any CPU
		{96D66D5E-85FD-48B1-9B57-C0C6363D4147}.Release|Any CPU.ActiveCfg = Release|Any CPU
		{96D66D5E-85FD-48B1-9B57-C0C6363D4147}.Release|Any CPU.Build.0 = Release|Any CPU
		{168E8C00-8A73-47BA-8E07-2067A99CE833}.Debug|Any CPU.ActiveCfg = Debug|Any CPU
		{168E8C00-8A73-47BA-8E07-2067A99CE833}.Debug|Any CPU.Build.0 = Debug|Any CPU
		{168E8C00-8A73-47BA-8E07-2067A99CE833}.Release|Any CPU.ActiveCfg = Release|Any CPU
		{168E8C00-8A73-47BA-8E07-2067A99CE833}.Release|Any CPU.Build.0 = Release|Any CPU
		{3A6039DE-8562-4115-ACD2-89384BD36E37}.Debug|Any CPU.ActiveCfg = Debug|Any CPU
		{3A6039DE-8562-4115-ACD2-89384BD36E37}.Debug|Any CPU.Build.0 = Debug|Any CPU
		{3A6039DE-8562-4115-ACD2-89384BD36E37}.Release|Any CPU.ActiveCfg = Release|Any CPU
		{3A6039DE-8562-4115-ACD2-89384BD36E37}.Release|Any CPU.Build.0 = Release|Any CPU
		{B81E014D-3E56-4242-9A6C-7A6AD2327EED}.Debug|Any CPU.ActiveCfg = Debug|Any CPU
		{B81E014D-3E56-4242-9A6C-7A6AD2327EED}.Debug|Any CPU.Build.0 = Debug|Any CPU
		{B81E014D-3E56-4242-9A6C-7A6AD2327EED}.Release|Any CPU.ActiveCfg = Release|Any CPU
		{B81E014D-3E56-4242-9A6C-7A6AD2327EED}.Release|Any CPU.Build.0 = Release|Any CPU
		{B7634A00-9C80-44D1-B66F-4B628446C654}.Debug|Any CPU.ActiveCfg = Debug|Any CPU
		{B7634A00-9C80-44D1-B66F-4B628446C654}.Debug|Any CPU.Build.0 = Debug|Any CPU
		{B7634A00-9C80-44D1-B66F-4B628446C654}.Release|Any CPU.ActiveCfg = Release|Any CPU
		{B7634A00-9C80-44D1-B66F-4B628446C654}.Release|Any CPU.Build.0 = Release|Any CPU
		{F954E4AF-C239-4461-ABF9-4CDC7309C6D6}.Debug|Any CPU.ActiveCfg = Debug|Any CPU
		{F954E4AF-C239-4461-ABF9-4CDC7309C6D6}.Debug|Any CPU.Build.0 = Debug|Any CPU
		{F954E4AF-C239-4461-ABF9-4CDC7309C6D6}.Release|Any CPU.ActiveCfg = Release|Any CPU
		{F954E4AF-C239-4461-ABF9-4CDC7309C6D6}.Release|Any CPU.Build.0 = Release|Any CPU
		{AF3C09C5-4ABA-477C-9987-D4C05EB7F202}.Debug|Any CPU.ActiveCfg = Debug|Any CPU
		{AF3C09C5-4ABA-477C-9987-D4C05EB7F202}.Debug|Any CPU.Build.0 = Debug|Any CPU
		{AF3C09C5-4ABA-477C-9987-D4C05EB7F202}.Release|Any CPU.ActiveCfg = Release|Any CPU
		{AF3C09C5-4ABA-477C-9987-D4C05EB7F202}.Release|Any CPU.Build.0 = Release|Any CPU
		{3A36C0D0-CDD3-4E15-8FD9-87481057F23D}.Debug|Any CPU.ActiveCfg = Debug|Any CPU
		{3A36C0D0-CDD3-4E15-8FD9-87481057F23D}.Debug|Any CPU.Build.0 = Debug|Any CPU
		{3A36C0D0-CDD3-4E15-8FD9-87481057F23D}.Release|Any CPU.ActiveCfg = Release|Any CPU
		{3A36C0D0-CDD3-4E15-8FD9-87481057F23D}.Release|Any CPU.Build.0 = Release|Any CPU
		{5A46EE7D-CFC9-4F55-B1DE-002AFA1575B9}.Debug|Any CPU.ActiveCfg = Debug|Any CPU
		{5A46EE7D-CFC9-4F55-B1DE-002AFA1575B9}.Debug|Any CPU.Build.0 = Debug|Any CPU
		{5A46EE7D-CFC9-4F55-B1DE-002AFA1575B9}.Release|Any CPU.ActiveCfg = Release|Any CPU
		{5A46EE7D-CFC9-4F55-B1DE-002AFA1575B9}.Release|Any CPU.Build.0 = Release|Any CPU
	EndGlobalSection
	GlobalSection(SolutionProperties) = preSolution
		HideSolutionNode = FALSE
	EndGlobalSection
	GlobalSection(NestedProjects) = preSolution
		{96D66D5E-85FD-48B1-9B57-C0C6363D4147} = {ED75AD72-474A-4402-AF4E-5B4270B084ED}
		{168E8C00-8A73-47BA-8E07-2067A99CE833} = {ED75AD72-474A-4402-AF4E-5B4270B084ED}
		{93F7C75E-E4A5-4614-A85A-F7B4CDA70ABE} = {FB1BEC7E-901E-4482-9D70-3FB0944185A9}
		{3A6039DE-8562-4115-ACD2-89384BD36E37} = {93F7C75E-E4A5-4614-A85A-F7B4CDA70ABE}
		{B81E014D-3E56-4242-9A6C-7A6AD2327EED} = {93F7C75E-E4A5-4614-A85A-F7B4CDA70ABE}
		{B7634A00-9C80-44D1-B66F-4B628446C654} = {FB1BEC7E-901E-4482-9D70-3FB0944185A9}
		{F954E4AF-C239-4461-ABF9-4CDC7309C6D6} = {93F7C75E-E4A5-4614-A85A-F7B4CDA70ABE}
		{AF3C09C5-4ABA-477C-9987-D4C05EB7F202} = {FB1BEC7E-901E-4482-9D70-3FB0944185A9}
		{3A36C0D0-CDD3-4E15-8FD9-87481057F23D} = {93F7C75E-E4A5-4614-A85A-F7B4CDA70ABE}
		{5A46EE7D-CFC9-4F55-B1DE-002AFA1575B9} = {28D7F9EC-69E4-4A72-89DB-687497B57C64}
		{C3B5BE67-96A1-488B-AD26-ACD5CF7138E3} = {2833DE39-E1DF-4F98-A3F2-999371D6737D}
	EndGlobalSection
EndGlobal
